
Microsoft Visual Studio Solution File, Format Version 12.00
# Visual Studio Version 16
VisualStudioVersion = 16.0.30011.22
MinimumVisualStudioVersion = 10.0.40219.1
Project("{9A19103F-16F7-4668-BE54-9A1E7A4F7556}") = "CrimerForum", "CrimerForum.csproj", "{CC27BE2B-C67E-4A97-BEE3-48F29895AD5D}"
EndProject
Project("{9A19103F-16F7-4668-BE54-9A1E7A4F7556}") = "CrimerForum.Data", "..\Models\CrimerForum.Data.csproj", "{37AE8059-E72D-4A14-AFB9-7848810D3D6F}"
EndProject
Project("{9A19103F-16F7-4668-BE54-9A1E7A4F7556}") = "CrimerForum.Services", "..\Services\CrimerForum.Services.csproj", "{3594ED1A-9F4A-4FF1-9219-104E6629596E}"
EndProject
Global
	GlobalSection(SolutionConfigurationPlatforms) = preSolution
		Debug|Any CPU = Debug|Any CPU
		Release|Any CPU = Release|Any CPU
	EndGlobalSection
	GlobalSection(ProjectConfigurationPlatforms) = postSolution
		{CC27BE2B-C67E-4A97-BEE3-48F29895AD5D}.Debug|Any CPU.ActiveCfg = Debug|Any CPU
		{CC27BE2B-C67E-4A97-BEE3-48F29895AD5D}.Debug|Any CPU.Build.0 = Debug|Any CPU
		{CC27BE2B-C67E-4A97-BEE3-48F29895AD5D}.Release|Any CPU.ActiveCfg = Release|Any CPU
		{CC27BE2B-C67E-4A97-BEE3-48F29895AD5D}.Release|Any CPU.Build.0 = Release|Any CPU
		{37AE8059-E72D-4A14-AFB9-7848810D3D6F}.Debug|Any CPU.ActiveCfg = Debug|Any CPU
		{37AE8059-E72D-4A14-AFB9-7848810D3D6F}.Debug|Any CPU.Build.0 = Debug|Any CPU
		{37AE8059-E72D-4A14-AFB9-7848810D3D6F}.Release|Any CPU.ActiveCfg = Release|Any CPU
		{37AE8059-E72D-4A14-AFB9-7848810D3D6F}.Release|Any CPU.Build.0 = Release|Any CPU
		{3594ED1A-9F4A-4FF1-9219-104E6629596E}.Debug|Any CPU.ActiveCfg = Debug|Any CPU
		{3594ED1A-9F4A-4FF1-9219-104E6629596E}.Debug|Any CPU.Build.0 = Debug|Any CPU
		{3594ED1A-9F4A-4FF1-9219-104E6629596E}.Release|Any CPU.ActiveCfg = Release|Any CPU
		{3594ED1A-9F4A-4FF1-9219-104E6629596E}.Release|Any CPU.Build.0 = Release|Any CPU
	EndGlobalSection
	GlobalSection(SolutionProperties) = preSolution
		HideSolutionNode = FALSE
	EndGlobalSection
	GlobalSection(ExtensibilityGlobals) = postSolution
		SolutionGuid = {9F2A31DB-A25A-44C8-A2BE-DB0E59FA8FA2}
	EndGlobalSection
EndGlobal
